
Microsoft Visual Studio Solution File, Format Version 12.00
# Visual Studio Version 16
VisualStudioVersion = 16.0.29519.87
MinimumVisualStudioVersion = 10.0.40219.1
Project("{FAE04EC0-301F-11D3-BF4B-00C04F79EFBC}") = "Code_KitBox", "Code_KitBox.csproj", "{F9A8932F-E56C-47F5-84CA-F2550DCB0351}"
EndProject
Global
	GlobalSection(SolutionConfigurationPlatforms) = preSolution
		Debug|Any CPU = Debug|Any CPU
		Release|Any CPU = Release|Any CPU
	EndGlobalSection
	GlobalSection(ProjectConfigurationPlatforms) = postSolution
		{F9A8932F-E56C-47F5-84CA-F2550DCB0351}.Debug|Any CPU.ActiveCfg = Debug|Any CPU
		{F9A8932F-E56C-47F5-84CA-F2550DCB0351}.Debug|Any CPU.Build.0 = Debug|Any CPU
		{F9A8932F-E56C-47F5-84CA-F2550DCB0351}.Release|Any CPU.ActiveCfg = Release|Any CPU
		{F9A8932F-E56C-47F5-84CA-F2550DCB0351}.Release|Any CPU.Build.0 = Release|Any CPU
	EndGlobalSection
	GlobalSection(SolutionProperties) = preSolution
		HideSolutionNode = FALSE
	EndGlobalSection
	GlobalSection(ExtensibilityGlobals) = postSolution
		SolutionGuid = {7E1B4213-7777-4130-B3D7-3FE2CC246302}
	EndGlobalSection
EndGlobal
